// !$*UTF8*$!
{
	archiveVersion = 1;
	classes = {
	};
	objectVersion = 77;
	objects = {

/* Begin PBXBuildFile section */
		F441C9032D8B0D6500A575BF /* ReceiptError.swift in Sources */ = {isa = PBXBuildFile; fileRef = F441C9022D8B0D6500A575BF /* ReceiptError.swift */; };
		F441C9092D8B118400A575BF /* ErrorMessage.swift in Sources */ = {isa = PBXBuildFile; fileRef = F441C9072D8B118400A575BF /* ErrorMessage.swift */; };
		F441C9152D8B13DC00A575BF /* String+Ext.swift in Sources */ = {isa = PBXBuildFile; fileRef = F441C9132D8B13DC00A575BF /* String+Ext.swift */; };
		F441C9192D8B13DE00A575BF /* Localizable.strings in Resources */ = {isa = PBXBuildFile; fileRef = F441C9172D8B13DE00A575BF /* Localizable.strings */; };
		F441C91B2D8B14C400A575BF /* LocalizableKeys.swift in Sources */ = {isa = PBXBuildFile; fileRef = F441C91A2D8B14C400A575BF /* LocalizableKeys.swift */; };
		F441C9272D8B2FB500A575BF /* ReceiptListViewModel.swift in Sources */ = {isa = PBXBuildFile; fileRef = F441C9252D8B2FB500A575BF /* ReceiptListViewModel.swift */; };
		F441C9292D8B309400A575BF /* ReceiptListView.swift in Sources */ = {isa = PBXBuildFile; fileRef = F441C9282D8B309400A575BF /* ReceiptListView.swift */; };
		F441C92B2D8B34E000A575BF /* DateFormatter+Ext.swift in Sources */ = {isa = PBXBuildFile; fileRef = F441C92A2D8B34E000A575BF /* DateFormatter+Ext.swift */; };
		F47220D02D8C7552003E96E3 /* RealmSwift in Frameworks */ = {isa = PBXBuildFile; productRef = F47220CF2D8C7552003E96E3 /* RealmSwift */; };
		F47220D82D8C75AB003E96E3 /* RealmSwift in Frameworks */ = {isa = PBXBuildFile; productRef = F47220D72D8C75AB003E96E3 /* RealmSwift */; };
		F49204132D8AD7E10064B300 /* ReceiptSnapApp.swift in Sources */ = {isa = PBXBuildFile; fileRef = F49204112D8AD7E10064B300 /* ReceiptSnapApp.swift */; };
		F49204242D8AD8C60064B300 /* Receipt.swift in Sources */ = {isa = PBXBuildFile; fileRef = F492041B2D8AD8C60064B300 /* Receipt.swift */; };
		F49204252D8AD8C60064B300 /* ReceiptCaptureView.swift in Sources */ = {isa = PBXBuildFile; fileRef = F492041D2D8AD8C60064B300 /* ReceiptCaptureView.swift */; };
		F49204262D8AD8C60064B300 /* ReceiptCaptureViewModel.swift in Sources */ = {isa = PBXBuildFile; fileRef = F492041E2D8AD8C60064B300 /* ReceiptCaptureViewModel.swift */; };
		F49204272D8AD8C60064B300 /* ReceiptCoordinator.swift in Sources */ = {isa = PBXBuildFile; fileRef = F49204222D8AD8C60064B300 /* ReceiptCoordinator.swift */; };
		F492042B2D8AD9010064B300 /* ReceiptRealmObject.swift in Sources */ = {isa = PBXBuildFile; fileRef = F49204292D8AD9010064B300 /* ReceiptRealmObject.swift */; };
		F492042F2D8AD91C0064B300 /* ReceiptRepository.swift in Sources */ = {isa = PBXBuildFile; fileRef = F492042D2D8AD91C0064B300 /* ReceiptRepository.swift */; };
		F49204312D8AD9680064B300 /* AppCoordinator.swift in Sources */ = {isa = PBXBuildFile; fileRef = F49204302D8AD9680064B300 /* AppCoordinator.swift */; };
		F49204392D8ADCF50064B300 /* ImagePicker.swift in Sources */ = {isa = PBXBuildFile; fileRef = F49204362D8ADCF50064B300 /* ImagePicker.swift */; };
		F49B99B22D8C591300CC044F /* ReceiptRepositoryTests.swift in Sources */ = {isa = PBXBuildFile; fileRef = F49B99AB2D8C591300CC044F /* ReceiptRepositoryTests.swift */; };
		F49B99B32D8C591300CC044F /* MockReceipt.swift in Sources */ = {isa = PBXBuildFile; fileRef = F49B99AE2D8C591300CC044F /* MockReceipt.swift */; };
		F49B99B42D8C591300CC044F /* MockReceiptRepository.swift in Sources */ = {isa = PBXBuildFile; fileRef = F49B99AF2D8C591300CC044F /* MockReceiptRepository.swift */; };
		F4EAC9782D89F8F80094CB7C /* Preview Assets.xcassets in Resources */ = {isa = PBXBuildFile; fileRef = F4EAC9712D89F8F80094CB7C /* Preview Assets.xcassets */; };
		F4EAC9792D89F8F80094CB7C /* Assets.xcassets in Resources */ = {isa = PBXBuildFile; fileRef = F4EAC9742D89F8F80094CB7C /* Assets.xcassets */; };
/* End PBXBuildFile section */

/* Begin PBXContainerItemProxy section */
		F4EAC94F2D89F8CB0094CB7C /* PBXContainerItemProxy */ = {
			isa = PBXContainerItemProxy;
			containerPortal = F4EAC9362D89F8C90094CB7C /* Project object */;
			proxyType = 1;
			remoteGlobalIDString = F4EAC93D2D89F8C90094CB7C;
			remoteInfo = ReceiptSnap;
		};
		F4EAC9592D89F8CB0094CB7C /* PBXContainerItemProxy */ = {
			isa = PBXContainerItemProxy;
			containerPortal = F4EAC9362D89F8C90094CB7C /* Project object */;
			proxyType = 1;
			remoteGlobalIDString = F4EAC93D2D89F8C90094CB7C;
			remoteInfo = ReceiptSnap;
		};
/* End PBXContainerItemProxy section */

/* Begin PBXCopyFilesBuildPhase section */
		F4DEFCC42D8C62E80099B753 /* Embed Frameworks */ = {
			isa = PBXCopyFilesBuildPhase;
			buildActionMask = 2147483647;
			dstPath = "";
			dstSubfolderSpec = 10;
			files = (
			);
			name = "Embed Frameworks";
			runOnlyForDeploymentPostprocessing = 0;
		};
		F4DEFCCE2D8C65200099B753 /* Embed Frameworks */ = {
			isa = PBXCopyFilesBuildPhase;
			buildActionMask = 2147483647;
			dstPath = "";
			dstSubfolderSpec = 10;
			files = (
			);
			name = "Embed Frameworks";
			runOnlyForDeploymentPostprocessing = 0;
		};
		F4DEFCD02D8C65260099B753 /* Embed Frameworks */ = {
			isa = PBXCopyFilesBuildPhase;
			buildActionMask = 2147483647;
			dstPath = "";
			dstSubfolderSpec = 10;
			files = (
			);
			name = "Embed Frameworks";
			runOnlyForDeploymentPostprocessing = 0;
		};
/* End PBXCopyFilesBuildPhase section */

/* Begin PBXFileReference section */
		F441C9022D8B0D6500A575BF /* ReceiptError.swift */ = {isa = PBXFileReference; lastKnownFileType = sourcecode.swift; path = ReceiptError.swift; sourceTree = "<group>"; };
		F441C9072D8B118400A575BF /* ErrorMessage.swift */ = {isa = PBXFileReference; lastKnownFileType = sourcecode.swift; path = ErrorMessage.swift; sourceTree = "<group>"; };
		F441C9132D8B13DC00A575BF /* String+Ext.swift */ = {isa = PBXFileReference; lastKnownFileType = sourcecode.swift; path = "String+Ext.swift"; sourceTree = "<group>"; };
		F441C9162D8B13DE00A575BF /* en */ = {isa = PBXFileReference; lastKnownFileType = text.plist.strings; name = en; path = en.lproj/Localizable.strings; sourceTree = "<group>"; };
		F441C91A2D8B14C400A575BF /* LocalizableKeys.swift */ = {isa = PBXFileReference; lastKnownFileType = sourcecode.swift; path = LocalizableKeys.swift; sourceTree = "<group>"; };
		F441C9252D8B2FB500A575BF /* ReceiptListViewModel.swift */ = {isa = PBXFileReference; lastKnownFileType = sourcecode.swift; path = ReceiptListViewModel.swift; sourceTree = "<group>"; };
		F441C9282D8B309400A575BF /* ReceiptListView.swift */ = {isa = PBXFileReference; lastKnownFileType = sourcecode.swift; path = ReceiptListView.swift; sourceTree = "<group>"; };
		F441C92A2D8B34E000A575BF /* DateFormatter+Ext.swift */ = {isa = PBXFileReference; lastKnownFileType = sourcecode.swift; path = "DateFormatter+Ext.swift"; sourceTree = "<group>"; };
		F49204112D8AD7E10064B300 /* ReceiptSnapApp.swift */ = {isa = PBXFileReference; lastKnownFileType = sourcecode.swift; path = ReceiptSnapApp.swift; sourceTree = "<group>"; };
		F492041B2D8AD8C60064B300 /* Receipt.swift */ = {isa = PBXFileReference; lastKnownFileType = sourcecode.swift; path = Receipt.swift; sourceTree = "<group>"; };
		F492041D2D8AD8C60064B300 /* ReceiptCaptureView.swift */ = {isa = PBXFileReference; lastKnownFileType = sourcecode.swift; path = ReceiptCaptureView.swift; sourceTree = "<group>"; };
		F492041E2D8AD8C60064B300 /* ReceiptCaptureViewModel.swift */ = {isa = PBXFileReference; lastKnownFileType = sourcecode.swift; path = ReceiptCaptureViewModel.swift; sourceTree = "<group>"; };
		F49204222D8AD8C60064B300 /* ReceiptCoordinator.swift */ = {isa = PBXFileReference; lastKnownFileType = sourcecode.swift; path = ReceiptCoordinator.swift; sourceTree = "<group>"; };
		F49204292D8AD9010064B300 /* ReceiptRealmObject.swift */ = {isa = PBXFileReference; lastKnownFileType = sourcecode.swift; path = ReceiptRealmObject.swift; sourceTree = "<group>"; };
		F492042D2D8AD91C0064B300 /* ReceiptRepository.swift */ = {isa = PBXFileReference; lastKnownFileType = sourcecode.swift; path = ReceiptRepository.swift; sourceTree = "<group>"; };
		F49204302D8AD9680064B300 /* AppCoordinator.swift */ = {isa = PBXFileReference; lastKnownFileType = sourcecode.swift; path = AppCoordinator.swift; sourceTree = "<group>"; };
		F49204362D8ADCF50064B300 /* ImagePicker.swift */ = {isa = PBXFileReference; lastKnownFileType = sourcecode.swift; path = ImagePicker.swift; sourceTree = "<group>"; };
		F49B99AB2D8C591300CC044F /* ReceiptRepositoryTests.swift */ = {isa = PBXFileReference; lastKnownFileType = sourcecode.swift; path = ReceiptRepositoryTests.swift; sourceTree = "<group>"; };
		F49B99AE2D8C591300CC044F /* MockReceipt.swift */ = {isa = PBXFileReference; lastKnownFileType = sourcecode.swift; path = MockReceipt.swift; sourceTree = "<group>"; };
		F49B99AF2D8C591300CC044F /* MockReceiptRepository.swift */ = {isa = PBXFileReference; lastKnownFileType = sourcecode.swift; path = MockReceiptRepository.swift; sourceTree = "<group>"; };
		F4EAC93E2D89F8C90094CB7C /* ReceiptSnap.app */ = {isa = PBXFileReference; explicitFileType = wrapper.application; includeInIndex = 0; path = ReceiptSnap.app; sourceTree = BUILT_PRODUCTS_DIR; };
		F4EAC94E2D89F8CB0094CB7C /* ReceiptSnapTests.xctest */ = {isa = PBXFileReference; explicitFileType = wrapper.cfbundle; includeInIndex = 0; path = ReceiptSnapTests.xctest; sourceTree = BUILT_PRODUCTS_DIR; };
		F4EAC9582D89F8CB0094CB7C /* ReceiptSnapUITests.xctest */ = {isa = PBXFileReference; explicitFileType = wrapper.cfbundle; includeInIndex = 0; path = ReceiptSnapUITests.xctest; sourceTree = BUILT_PRODUCTS_DIR; };
		F4EAC9712D89F8F80094CB7C /* Preview Assets.xcassets */ = {isa = PBXFileReference; lastKnownFileType = folder.assetcatalog; path = "Preview Assets.xcassets"; sourceTree = "<group>"; };
		F4EAC9742D89F8F80094CB7C /* Assets.xcassets */ = {isa = PBXFileReference; lastKnownFileType = folder.assetcatalog; path = Assets.xcassets; sourceTree = "<group>"; };
/* End PBXFileReference section */

/* Begin PBXFileSystemSynchronizedRootGroup section */
		F49B99C52D8C5B2900CC044F /* Capture */ = {
			isa = PBXFileSystemSynchronizedRootGroup;
			path = Capture;
			sourceTree = "<group>";
		};
		F49B99C62D8C5B2F00CC044F /* List */ = {
			isa = PBXFileSystemSynchronizedRootGroup;
			path = List;
			sourceTree = "<group>";
		};
		F4EAC95B2D89F8CB0094CB7C /* ReceiptSnapUITests */ = {
			isa = PBXFileSystemSynchronizedRootGroup;
			path = ReceiptSnapUITests;
			sourceTree = "<group>";
		};
/* End PBXFileSystemSynchronizedRootGroup section */

/* Begin PBXFrameworksBuildPhase section */
		F4EAC93B2D89F8C90094CB7C /* Frameworks */ = {
			isa = PBXFrameworksBuildPhase;
			buildActionMask = 2147483647;
			files = (
				F47220D82D8C75AB003E96E3 /* RealmSwift in Frameworks */,
			);
			runOnlyForDeploymentPostprocessing = 0;
		};
		F4EAC94B2D89F8CB0094CB7C /* Frameworks */ = {
			isa = PBXFrameworksBuildPhase;
			buildActionMask = 2147483647;
			files = (
				F47220D02D8C7552003E96E3 /* RealmSwift in Frameworks */,
			);
			runOnlyForDeploymentPostprocessing = 0;
		};
		F4EAC9552D89F8CB0094CB7C /* Frameworks */ = {
			isa = PBXFrameworksBuildPhase;
			buildActionMask = 2147483647;
			files = (
			);
			runOnlyForDeploymentPostprocessing = 0;
		};
/* End PBXFrameworksBuildPhase section */

/* Begin PBXGroup section */
		F441C9082D8B118400A575BF /* Models */ = {
			isa = PBXGroup;
			children = (
				F441C9072D8B118400A575BF /* ErrorMessage.swift */,
			);
			path = Models;
			sourceTree = "<group>";
		};
		F441C9142D8B13DC00A575BF /* Extensions */ = {
			isa = PBXGroup;
			children = (
				F441C9132D8B13DC00A575BF /* String+Ext.swift */,
				F441C92A2D8B34E000A575BF /* DateFormatter+Ext.swift */,
			);
			path = Extensions;
			sourceTree = "<group>";
		};
		F441C9182D8B13DE00A575BF /* Localizables */ = {
			isa = PBXGroup;
			children = (
				F441C9172D8B13DE00A575BF /* Localizable.strings */,
				F441C91A2D8B14C400A575BF /* LocalizableKeys.swift */,
			);
			path = Localizables;
			sourceTree = "<group>";
		};
		F441C9262D8B2FB500A575BF /* List */ = {
			isa = PBXGroup;
			children = (
				F441C9282D8B309400A575BF /* ReceiptListView.swift */,
				F441C9252D8B2FB500A575BF /* ReceiptListViewModel.swift */,
			);
			path = List;
			sourceTree = "<group>";
		};
		F49204102D8AD7E10064B300 /* Features */ = {
			isa = PBXGroup;
			children = (
				F49204232D8AD8C60064B300 /* Receipts */,
			);
			path = Features;
			sourceTree = "<group>";
		};
		F49204122D8AD7E10064B300 /* AppLayer */ = {
			isa = PBXGroup;
			children = (
				F49204112D8AD7E10064B300 /* ReceiptSnapApp.swift */,
				F49204302D8AD9680064B300 /* AppCoordinator.swift */,
			);
			path = AppLayer;
			sourceTree = "<group>";
		};
		F492041C2D8AD8C60064B300 /* Domain */ = {
			isa = PBXGroup;
			children = (
				F492041B2D8AD8C60064B300 /* Receipt.swift */,
				F441C9022D8B0D6500A575BF /* ReceiptError.swift */,
			);
			path = Domain;
			sourceTree = "<group>";
		};
		F492041F2D8AD8C60064B300 /* Capture */ = {
			isa = PBXGroup;
			children = (
				F492041D2D8AD8C60064B300 /* ReceiptCaptureView.swift */,
				F492041E2D8AD8C60064B300 /* ReceiptCaptureViewModel.swift */,
			);
			path = Capture;
			sourceTree = "<group>";
		};
		F49204212D8AD8C60064B300 /* Presentation */ = {
			isa = PBXGroup;
			children = (
				F49204222D8AD8C60064B300 /* ReceiptCoordinator.swift */,
				F492041F2D8AD8C60064B300 /* Capture */,
				F441C9262D8B2FB500A575BF /* List */,
			);
			path = Presentation;
			sourceTree = "<group>";
		};
		F49204232D8AD8C60064B300 /* Receipts */ = {
			isa = PBXGroup;
			children = (
				F492041C2D8AD8C60064B300 /* Domain */,
				F49204212D8AD8C60064B300 /* Presentation */,
			);
			path = Receipts;
			sourceTree = "<group>";
		};
		F492042A2D8AD9010064B300 /* RealmObjects */ = {
			isa = PBXGroup;
			children = (
				F49204292D8AD9010064B300 /* ReceiptRealmObject.swift */,
			);
			path = RealmObjects;
			sourceTree = "<group>";
		};
		F492042E2D8AD91C0064B300 /* Repositories */ = {
			isa = PBXGroup;
			children = (
				F492042D2D8AD91C0064B300 /* ReceiptRepository.swift */,
			);
			path = Repositories;
			sourceTree = "<group>";
		};
		F49204372D8ADCF50064B300 /* UIComponents */ = {
			isa = PBXGroup;
			children = (
				F49204362D8ADCF50064B300 /* ImagePicker.swift */,
			);
			path = UIComponents;
			sourceTree = "<group>";
		};
		F49204382D8ADCF50064B300 /* Shared */ = {
			isa = PBXGroup;
			children = (
				F49204372D8ADCF50064B300 /* UIComponents */,
				F441C9082D8B118400A575BF /* Models */,
				F441C9182D8B13DE00A575BF /* Localizables */,
				F441C9142D8B13DC00A575BF /* Extensions */,
			);
			path = Shared;
			sourceTree = "<group>";
		};
		F49B99AC2D8C591300CC044F /* DataLayerTests */ = {
			isa = PBXGroup;
			children = (
				F49B99AB2D8C591300CC044F /* ReceiptRepositoryTests.swift */,
			);
			path = DataLayerTests;
			sourceTree = "<group>";
		};
		F49B99B02D8C591300CC044F /* Mocks */ = {
			isa = PBXGroup;
			children = (
				F49B99AE2D8C591300CC044F /* MockReceipt.swift */,
				F49B99AF2D8C591300CC044F /* MockReceiptRepository.swift */,
			);
			path = Mocks;
			sourceTree = "<group>";
		};
		F49B99B12D8C591300CC044F /* ReceiptSnapTests */ = {
			isa = PBXGroup;
			children = (
				F49B99B02D8C591300CC044F /* Mocks */,
				F49B99B82D8C594400CC044F /* FeatureTests */,
				F49B99AC2D8C591300CC044F /* DataLayerTests */,
			);
			path = ReceiptSnapTests;
			sourceTree = "<group>";
		};
		F49B99B82D8C594400CC044F /* FeatureTests */ = {
			isa = PBXGroup;
			children = (
				F49B99C02D8C597D00CC044F /* ReceiptsTests */,
			);
			path = FeatureTests;
			sourceTree = "<group>";
		};
		F49B99BF2D8C597D00CC044F /* PresentationTests */ = {
			isa = PBXGroup;
			children = (
				F49B99C52D8C5B2900CC044F /* Capture */,
				F49B99C62D8C5B2F00CC044F /* List */,
			);
			path = PresentationTests;
			sourceTree = "<group>";
		};
		F49B99C02D8C597D00CC044F /* ReceiptsTests */ = {
			isa = PBXGroup;
			children = (
				F49B99BF2D8C597D00CC044F /* PresentationTests */,
			);
			path = ReceiptsTests;
			sourceTree = "<group>";
		};
		F4DEFCCA2D8C65200099B753 /* Frameworks */ = {
			isa = PBXGroup;
			children = (
			);
			name = Frameworks;
			sourceTree = "<group>";
		};
		F4EAC9352D89F8C90094CB7C = {
			isa = PBXGroup;
			children = (
				F4EAC9772D89F8F80094CB7C /* ReceiptSnap */,
				F49B99B12D8C591300CC044F /* ReceiptSnapTests */,
				F4EAC95B2D89F8CB0094CB7C /* ReceiptSnapUITests */,
				F4DEFCCA2D8C65200099B753 /* Frameworks */,
				F4EAC93F2D89F8C90094CB7C /* Products */,
			);
			sourceTree = "<group>";
		};
		F4EAC93F2D89F8C90094CB7C /* Products */ = {
			isa = PBXGroup;
			children = (
				F4EAC93E2D89F8C90094CB7C /* ReceiptSnap.app */,
				F4EAC94E2D89F8CB0094CB7C /* ReceiptSnapTests.xctest */,
				F4EAC9582D89F8CB0094CB7C /* ReceiptSnapUITests.xctest */,
			);
			name = Products;
			sourceTree = "<group>";
		};
		F4EAC9722D89F8F80094CB7C /* Preview Content */ = {
			isa = PBXGroup;
			children = (
				F4EAC9712D89F8F80094CB7C /* Preview Assets.xcassets */,
			);
			path = "Preview Content";
			sourceTree = "<group>";
		};
		F4EAC9732D89F8F80094CB7C /* DataLayer */ = {
			isa = PBXGroup;
			children = (
				F492042E2D8AD91C0064B300 /* Repositories */,
				F492042A2D8AD9010064B300 /* RealmObjects */,
			);
			path = DataLayer;
			sourceTree = "<group>";
		};
		F4EAC9772D89F8F80094CB7C /* ReceiptSnap */ = {
			isa = PBXGroup;
			children = (
				F49204122D8AD7E10064B300 /* AppLayer */,
				F49204102D8AD7E10064B300 /* Features */,
				F4EAC9732D89F8F80094CB7C /* DataLayer */,
				F49204382D8ADCF50064B300 /* Shared */,
				F4EAC9742D89F8F80094CB7C /* Assets.xcassets */,
				F4EAC9722D89F8F80094CB7C /* Preview Content */,
			);
			path = ReceiptSnap;
			sourceTree = "<group>";
		};
/* End PBXGroup section */

/* Begin PBXNativeTarget section */
		F4EAC93D2D89F8C90094CB7C /* ReceiptSnap */ = {
			isa = PBXNativeTarget;
			buildConfigurationList = F4EAC9622D89F8CB0094CB7C /* Build configuration list for PBXNativeTarget "ReceiptSnap" */;
			buildPhases = (
				F4EAC93A2D89F8C90094CB7C /* Sources */,
				F4EAC93B2D89F8C90094CB7C /* Frameworks */,
				F4EAC93C2D89F8C90094CB7C /* Resources */,
				F4DEFCC42D8C62E80099B753 /* Embed Frameworks */,
			);
			buildRules = (
			);
			dependencies = (
			);
			name = ReceiptSnap;
			packageProductDependencies = (
				F47220D72D8C75AB003E96E3 /* RealmSwift */,
			);
			productName = ReceiptSnap;
			productReference = F4EAC93E2D89F8C90094CB7C /* ReceiptSnap.app */;
			productType = "com.apple.product-type.application";
		};
		F4EAC94D2D89F8CB0094CB7C /* ReceiptSnapTests */ = {
			isa = PBXNativeTarget;
			buildConfigurationList = F4EAC9652D89F8CB0094CB7C /* Build configuration list for PBXNativeTarget "ReceiptSnapTests" */;
			buildPhases = (
				F4EAC94A2D89F8CB0094CB7C /* Sources */,
				F4EAC94B2D89F8CB0094CB7C /* Frameworks */,
				F4EAC94C2D89F8CB0094CB7C /* Resources */,
				F4DEFCD02D8C65260099B753 /* Embed Frameworks */,
			);
			buildRules = (
			);
			dependencies = (
				F4EAC9502D89F8CB0094CB7C /* PBXTargetDependency */,
			);
			fileSystemSynchronizedGroups = (
				F49B99C52D8C5B2900CC044F /* Capture */,
				F49B99C62D8C5B2F00CC044F /* List */,
			);
			name = ReceiptSnapTests;
			packageProductDependencies = (
				F47220CF2D8C7552003E96E3 /* RealmSwift */,
			);
			productName = ReceiptSnapTests;
			productReference = F4EAC94E2D89F8CB0094CB7C /* ReceiptSnapTests.xctest */;
			productType = "com.apple.product-type.bundle.unit-test";
		};
		F4EAC9572D89F8CB0094CB7C /* ReceiptSnapUITests */ = {
			isa = PBXNativeTarget;
			buildConfigurationList = F4EAC9682D89F8CB0094CB7C /* Build configuration list for PBXNativeTarget "ReceiptSnapUITests" */;
			buildPhases = (
				F4EAC9542D89F8CB0094CB7C /* Sources */,
				F4EAC9552D89F8CB0094CB7C /* Frameworks */,
				F4EAC9562D89F8CB0094CB7C /* Resources */,
				F4DEFCCE2D8C65200099B753 /* Embed Frameworks */,
			);
			buildRules = (
			);
			dependencies = (
				F4EAC95A2D89F8CB0094CB7C /* PBXTargetDependency */,
			);
			fileSystemSynchronizedGroups = (
				F4EAC95B2D89F8CB0094CB7C /* ReceiptSnapUITests */,
			);
			name = ReceiptSnapUITests;
			packageProductDependencies = (
			);
			productName = ReceiptSnapUITests;
			productReference = F4EAC9582D89F8CB0094CB7C /* ReceiptSnapUITests.xctest */;
			productType = "com.apple.product-type.bundle.ui-testing";
		};
/* End PBXNativeTarget section */

/* Begin PBXProject section */
		F4EAC9362D89F8C90094CB7C /* Project object */ = {
			isa = PBXProject;
			attributes = {
				BuildIndependentTargetsInParallel = 1;
				LastSwiftUpdateCheck = 1600;
				LastUpgradeCheck = 1600;
				TargetAttributes = {
					F4EAC93D2D89F8C90094CB7C = {
						CreatedOnToolsVersion = 16.0;
					};
					F4EAC94D2D89F8CB0094CB7C = {
						CreatedOnToolsVersion = 16.0;
						TestTargetID = F4EAC93D2D89F8C90094CB7C;
					};
					F4EAC9572D89F8CB0094CB7C = {
						CreatedOnToolsVersion = 16.0;
						TestTargetID = F4EAC93D2D89F8C90094CB7C;
					};
				};
			};
			buildConfigurationList = F4EAC9392D89F8C90094CB7C /* Build configuration list for PBXProject "ReceiptSnap" */;
			developmentRegion = en;
			hasScannedForEncodings = 0;
			knownRegions = (
				en,
				Base,
			);
			mainGroup = F4EAC9352D89F8C90094CB7C;
			minimizedProjectReferenceProxies = 1;
			packageReferences = (
				F47220CE2D8C7552003E96E3 /* XCRemoteSwiftPackageReference "realm-swift" */,
			);
			preferredProjectObjectVersion = 77;
			productRefGroup = F4EAC93F2D89F8C90094CB7C /* Products */;
			projectDirPath = "";
			projectRoot = "";
			targets = (
				F4EAC93D2D89F8C90094CB7C /* ReceiptSnap */,
				F4EAC94D2D89F8CB0094CB7C /* ReceiptSnapTests */,
				F4EAC9572D89F8CB0094CB7C /* ReceiptSnapUITests */,
			);
		};
/* End PBXProject section */

/* Begin PBXResourcesBuildPhase section */
		F4EAC93C2D89F8C90094CB7C /* Resources */ = {
			isa = PBXResourcesBuildPhase;
			buildActionMask = 2147483647;
			files = (
				F4EAC9782D89F8F80094CB7C /* Preview Assets.xcassets in Resources */,
				F441C9192D8B13DE00A575BF /* Localizable.strings in Resources */,
				F4EAC9792D89F8F80094CB7C /* Assets.xcassets in Resources */,
			);
			runOnlyForDeploymentPostprocessing = 0;
		};
		F4EAC94C2D89F8CB0094CB7C /* Resources */ = {
			isa = PBXResourcesBuildPhase;
			buildActionMask = 2147483647;
			files = (
			);
			runOnlyForDeploymentPostprocessing = 0;
		};
		F4EAC9562D89F8CB0094CB7C /* Resources */ = {
			isa = PBXResourcesBuildPhase;
			buildActionMask = 2147483647;
			files = (
			);
			runOnlyForDeploymentPostprocessing = 0;
		};
/* End PBXResourcesBuildPhase section */

/* Begin PBXSourcesBuildPhase section */
		F4EAC93A2D89F8C90094CB7C /* Sources */ = {
			isa = PBXSourcesBuildPhase;
			buildActionMask = 2147483647;
			files = (
				F441C92B2D8B34E000A575BF /* DateFormatter+Ext.swift in Sources */,
				F49204132D8AD7E10064B300 /* ReceiptSnapApp.swift in Sources */,
				F49204242D8AD8C60064B300 /* Receipt.swift in Sources */,
				F441C9092D8B118400A575BF /* ErrorMessage.swift in Sources */,
				F49204252D8AD8C60064B300 /* ReceiptCaptureView.swift in Sources */,
				F49204392D8ADCF50064B300 /* ImagePicker.swift in Sources */,
				F441C9272D8B2FB500A575BF /* ReceiptListViewModel.swift in Sources */,
				F441C91B2D8B14C400A575BF /* LocalizableKeys.swift in Sources */,
				F441C9292D8B309400A575BF /* ReceiptListView.swift in Sources */,
				F49204262D8AD8C60064B300 /* ReceiptCaptureViewModel.swift in Sources */,
				F441C9152D8B13DC00A575BF /* String+Ext.swift in Sources */,
				F49204272D8AD8C60064B300 /* ReceiptCoordinator.swift in Sources */,
				F49204312D8AD9680064B300 /* AppCoordinator.swift in Sources */,
				F492042F2D8AD91C0064B300 /* ReceiptRepository.swift in Sources */,
				F492042B2D8AD9010064B300 /* ReceiptRealmObject.swift in Sources */,
				F441C9032D8B0D6500A575BF /* ReceiptError.swift in Sources */,
			);
			runOnlyForDeploymentPostprocessing = 0;
		};
		F4EAC94A2D89F8CB0094CB7C /* Sources */ = {
			isa = PBXSourcesBuildPhase;
			buildActionMask = 2147483647;
			files = (
				F49B99B22D8C591300CC044F /* ReceiptRepositoryTests.swift in Sources */,
				F49B99B32D8C591300CC044F /* MockReceipt.swift in Sources */,
				F49B99B42D8C591300CC044F /* MockReceiptRepository.swift in Sources */,
			);
			runOnlyForDeploymentPostprocessing = 0;
		};
		F4EAC9542D89F8CB0094CB7C /* Sources */ = {
			isa = PBXSourcesBuildPhase;
			buildActionMask = 2147483647;
			files = (
			);
			runOnlyForDeploymentPostprocessing = 0;
		};
/* End PBXSourcesBuildPhase section */

/* Begin PBXTargetDependency section */
		F4EAC9502D89F8CB0094CB7C /* PBXTargetDependency */ = {
			isa = PBXTargetDependency;
			target = F4EAC93D2D89F8C90094CB7C /* ReceiptSnap */;
			targetProxy = F4EAC94F2D89F8CB0094CB7C /* PBXContainerItemProxy */;
		};
		F4EAC95A2D89F8CB0094CB7C /* PBXTargetDependency */ = {
			isa = PBXTargetDependency;
			target = F4EAC93D2D89F8C90094CB7C /* ReceiptSnap */;
			targetProxy = F4EAC9592D89F8CB0094CB7C /* PBXContainerItemProxy */;
		};
/* End PBXTargetDependency section */

/* Begin PBXVariantGroup section */
		F441C9172D8B13DE00A575BF /* Localizable.strings */ = {
			isa = PBXVariantGroup;
			children = (
				F441C9162D8B13DE00A575BF /* en */,
			);
			name = Localizable.strings;
			sourceTree = "<group>";
		};
/* End PBXVariantGroup section */

/* Begin XCBuildConfiguration section */
		F4EAC9602D89F8CB0094CB7C /* Debug */ = {
			isa = XCBuildConfiguration;
			buildSettings = {
				ALWAYS_SEARCH_USER_PATHS = NO;
				ASSETCATALOG_COMPILER_GENERATE_SWIFT_ASSET_SYMBOL_EXTENSIONS = YES;
				CLANG_ANALYZER_NONNULL = YES;
				CLANG_ANALYZER_NUMBER_OBJECT_CONVERSION = YES_AGGRESSIVE;
				CLANG_CXX_LANGUAGE_STANDARD = "gnu++20";
				CLANG_ENABLE_MODULES = YES;
				CLANG_ENABLE_OBJC_ARC = YES;
				CLANG_ENABLE_OBJC_WEAK = YES;
				CLANG_WARN_BLOCK_CAPTURE_AUTORELEASING = YES;
				CLANG_WARN_BOOL_CONVERSION = YES;
				CLANG_WARN_COMMA = YES;
				CLANG_WARN_CONSTANT_CONVERSION = YES;
				CLANG_WARN_DEPRECATED_OBJC_IMPLEMENTATIONS = YES;
				CLANG_WARN_DIRECT_OBJC_ISA_USAGE = YES_ERROR;
				CLANG_WARN_DOCUMENTATION_COMMENTS = YES;
				CLANG_WARN_EMPTY_BODY = YES;
				CLANG_WARN_ENUM_CONVERSION = YES;
				CLANG_WARN_INFINITE_RECURSION = YES;
				CLANG_WARN_INT_CONVERSION = YES;
				CLANG_WARN_NON_LITERAL_NULL_CONVERSION = YES;
				CLANG_WARN_OBJC_IMPLICIT_RETAIN_SELF = YES;
				CLANG_WARN_OBJC_LITERAL_CONVERSION = YES;
				CLANG_WARN_OBJC_ROOT_CLASS = YES_ERROR;
				CLANG_WARN_QUOTED_INCLUDE_IN_FRAMEWORK_HEADER = YES;
				CLANG_WARN_RANGE_LOOP_ANALYSIS = YES;
				CLANG_WARN_STRICT_PROTOTYPES = YES;
				CLANG_WARN_SUSPICIOUS_MOVE = YES;
				CLANG_WARN_UNGUARDED_AVAILABILITY = YES_AGGRESSIVE;
				CLANG_WARN_UNREACHABLE_CODE = YES;
				CLANG_WARN__DUPLICATE_METHOD_MATCH = YES;
				COPY_PHASE_STRIP = NO;
				DEBUG_INFORMATION_FORMAT = dwarf;
				ENABLE_STRICT_OBJC_MSGSEND = YES;
				ENABLE_TESTABILITY = YES;
				ENABLE_USER_SCRIPT_SANDBOXING = YES;
				GCC_C_LANGUAGE_STANDARD = gnu17;
				GCC_DYNAMIC_NO_PIC = NO;
				GCC_NO_COMMON_BLOCKS = YES;
				GCC_OPTIMIZATION_LEVEL = 0;
				GCC_PREPROCESSOR_DEFINITIONS = (
					"DEBUG=1",
					"$(inherited)",
				);
				GCC_WARN_64_TO_32_BIT_CONVERSION = YES;
				GCC_WARN_ABOUT_RETURN_TYPE = YES_ERROR;
				GCC_WARN_UNDECLARED_SELECTOR = YES;
				GCC_WARN_UNINITIALIZED_AUTOS = YES_AGGRESSIVE;
				GCC_WARN_UNUSED_FUNCTION = YES;
				GCC_WARN_UNUSED_VARIABLE = YES;
				IPHONEOS_DEPLOYMENT_TARGET = 18.0;
				LOCALIZATION_PREFERS_STRING_CATALOGS = YES;
				MTL_ENABLE_DEBUG_INFO = INCLUDE_SOURCE;
				MTL_FAST_MATH = YES;
				ONLY_ACTIVE_ARCH = YES;
				SDKROOT = iphoneos;
				SWIFT_ACTIVE_COMPILATION_CONDITIONS = "DEBUG $(inherited)";
				SWIFT_OPTIMIZATION_LEVEL = "-Onone";
			};
			name = Debug;
		};
		F4EAC9612D89F8CB0094CB7C /* Release */ = {
			isa = XCBuildConfiguration;
			buildSettings = {
				ALWAYS_SEARCH_USER_PATHS = NO;
				ASSETCATALOG_COMPILER_GENERATE_SWIFT_ASSET_SYMBOL_EXTENSIONS = YES;
				CLANG_ANALYZER_NONNULL = YES;
				CLANG_ANALYZER_NUMBER_OBJECT_CONVERSION = YES_AGGRESSIVE;
				CLANG_CXX_LANGUAGE_STANDARD = "gnu++20";
				CLANG_ENABLE_MODULES = YES;
				CLANG_ENABLE_OBJC_ARC = YES;
				CLANG_ENABLE_OBJC_WEAK = YES;
				CLANG_WARN_BLOCK_CAPTURE_AUTORELEASING = YES;
				CLANG_WARN_BOOL_CONVERSION = YES;
				CLANG_WARN_COMMA = YES;
				CLANG_WARN_CONSTANT_CONVERSION = YES;
				CLANG_WARN_DEPRECATED_OBJC_IMPLEMENTATIONS = YES;
				CLANG_WARN_DIRECT_OBJC_ISA_USAGE = YES_ERROR;
				CLANG_WARN_DOCUMENTATION_COMMENTS = YES;
				CLANG_WARN_EMPTY_BODY = YES;
				CLANG_WARN_ENUM_CONVERSION = YES;
				CLANG_WARN_INFINITE_RECURSION = YES;
				CLANG_WARN_INT_CONVERSION = YES;
				CLANG_WARN_NON_LITERAL_NULL_CONVERSION = YES;
				CLANG_WARN_OBJC_IMPLICIT_RETAIN_SELF = YES;
				CLANG_WARN_OBJC_LITERAL_CONVERSION = YES;
				CLANG_WARN_OBJC_ROOT_CLASS = YES_ERROR;
				CLANG_WARN_QUOTED_INCLUDE_IN_FRAMEWORK_HEADER = YES;
				CLANG_WARN_RANGE_LOOP_ANALYSIS = YES;
				CLANG_WARN_STRICT_PROTOTYPES = YES;
				CLANG_WARN_SUSPICIOUS_MOVE = YES;
				CLANG_WARN_UNGUARDED_AVAILABILITY = YES_AGGRESSIVE;
				CLANG_WARN_UNREACHABLE_CODE = YES;
				CLANG_WARN__DUPLICATE_METHOD_MATCH = YES;
				COPY_PHASE_STRIP = NO;
				DEBUG_INFORMATION_FORMAT = "dwarf-with-dsym";
				ENABLE_NS_ASSERTIONS = NO;
				ENABLE_STRICT_OBJC_MSGSEND = YES;
				ENABLE_USER_SCRIPT_SANDBOXING = YES;
				GCC_C_LANGUAGE_STANDARD = gnu17;
				GCC_NO_COMMON_BLOCKS = YES;
				GCC_WARN_64_TO_32_BIT_CONVERSION = YES;
				GCC_WARN_ABOUT_RETURN_TYPE = YES_ERROR;
				GCC_WARN_UNDECLARED_SELECTOR = YES;
				GCC_WARN_UNINITIALIZED_AUTOS = YES_AGGRESSIVE;
				GCC_WARN_UNUSED_FUNCTION = YES;
				GCC_WARN_UNUSED_VARIABLE = YES;
				IPHONEOS_DEPLOYMENT_TARGET = 18.0;
				LOCALIZATION_PREFERS_STRING_CATALOGS = YES;
				MTL_ENABLE_DEBUG_INFO = NO;
				MTL_FAST_MATH = YES;
				SDKROOT = iphoneos;
				SWIFT_COMPILATION_MODE = wholemodule;
				VALIDATE_PRODUCT = YES;
			};
			name = Release;
		};
		F4EAC9632D89F8CB0094CB7C /* Debug */ = {
			isa = XCBuildConfiguration;
			buildSettings = {
				ASSETCATALOG_COMPILER_APPICON_NAME = AppIcon;
				ASSETCATALOG_COMPILER_GLOBAL_ACCENT_COLOR_NAME = AccentColor;
				CODE_SIGN_IDENTITY = "Apple Development";
				CODE_SIGN_STYLE = Automatic;
				CURRENT_PROJECT_VERSION = 1;
				DEVELOPMENT_ASSET_PATHS = "\"ReceiptSnap/Preview Content\"";
				DEVELOPMENT_TEAM = X4637C63ZD;
				ENABLE_PREVIEWS = YES;
				GENERATE_INFOPLIST_FILE = YES;
				INFOPLIST_KEY_UIApplicationSceneManifest_Generation = YES;
				INFOPLIST_KEY_UIApplicationSupportsIndirectInputEvents = YES;
				INFOPLIST_KEY_UILaunchScreen_Generation = YES;
				INFOPLIST_KEY_UISupportedInterfaceOrientations_iPad = "UIInterfaceOrientationPortrait UIInterfaceOrientationPortraitUpsideDown UIInterfaceOrientationLandscapeLeft UIInterfaceOrientationLandscapeRight";
				INFOPLIST_KEY_UISupportedInterfaceOrientations_iPhone = "UIInterfaceOrientationPortrait UIInterfaceOrientationLandscapeLeft UIInterfaceOrientationLandscapeRight";
				LD_RUNPATH_SEARCH_PATHS = (
					"$(inherited)",
					"@executable_path/Frameworks",
				);
				MARKETING_VERSION = 1.0;
				PRODUCT_BUNDLE_IDENTIFIER = com.goncaloalmeida.ReceiptSnap;
				PRODUCT_NAME = "$(TARGET_NAME)";
				PROVISIONING_PROFILE_SPECIFIER = "";
				SWIFT_EMIT_LOC_STRINGS = YES;
				SWIFT_VERSION = 5.0;
				TARGETED_DEVICE_FAMILY = "1,2";
			};
			name = Debug;
		};
		F4EAC9642D89F8CB0094CB7C /* Release */ = {
			isa = XCBuildConfiguration;
			buildSettings = {
				ASSETCATALOG_COMPILER_APPICON_NAME = AppIcon;
				ASSETCATALOG_COMPILER_GLOBAL_ACCENT_COLOR_NAME = AccentColor;
				CODE_SIGN_IDENTITY = "Apple Development";
				CODE_SIGN_STYLE = Automatic;
				CURRENT_PROJECT_VERSION = 1;
				DEVELOPMENT_ASSET_PATHS = "\"ReceiptSnap/Preview Content\"";
				DEVELOPMENT_TEAM = X4637C63ZD;
				ENABLE_PREVIEWS = YES;
				GENERATE_INFOPLIST_FILE = YES;
				INFOPLIST_KEY_UIApplicationSceneManifest_Generation = YES;
				INFOPLIST_KEY_UIApplicationSupportsIndirectInputEvents = YES;
				INFOPLIST_KEY_UILaunchScreen_Generation = YES;
				INFOPLIST_KEY_UISupportedInterfaceOrientations_iPad = "UIInterfaceOrientationPortrait UIInterfaceOrientationPortraitUpsideDown UIInterfaceOrientationLandscapeLeft UIInterfaceOrientationLandscapeRight";
				INFOPLIST_KEY_UISupportedInterfaceOrientations_iPhone = "UIInterfaceOrientationPortrait UIInterfaceOrientationLandscapeLeft UIInterfaceOrientationLandscapeRight";
				LD_RUNPATH_SEARCH_PATHS = (
					"$(inherited)",
					"@executable_path/Frameworks",
				);
				MARKETING_VERSION = 1.0;
				PRODUCT_BUNDLE_IDENTIFIER = com.goncaloalmeida.ReceiptSnap;
				PRODUCT_NAME = "$(TARGET_NAME)";
				PROVISIONING_PROFILE_SPECIFIER = "";
				SWIFT_EMIT_LOC_STRINGS = YES;
				SWIFT_VERSION = 5.0;
				TARGETED_DEVICE_FAMILY = "1,2";
			};
			name = Release;
		};
		F4EAC9662D89F8CB0094CB7C /* Debug */ = {
			isa = XCBuildConfiguration;
			buildSettings = {
				BUNDLE_LOADER = "$(TEST_HOST)";
				CODE_SIGN_STYLE = Automatic;
				CURRENT_PROJECT_VERSION = 1;
				DEVELOPMENT_TEAM = X4637C63ZD;
				GENERATE_INFOPLIST_FILE = YES;
				IPHONEOS_DEPLOYMENT_TARGET = 18.0;
				MARKETING_VERSION = 1.0;
				PRODUCT_BUNDLE_IDENTIFIER = goncaloAlmeida.ReceiptSnapTests;
				PRODUCT_NAME = "$(TARGET_NAME)";
				SWIFT_EMIT_LOC_STRINGS = NO;
				SWIFT_VERSION = 5.0;
				TARGETED_DEVICE_FAMILY = "1,2";
				TEST_HOST = "$(BUILT_PRODUCTS_DIR)/ReceiptSnap.app/$(BUNDLE_EXECUTABLE_FOLDER_PATH)/ReceiptSnap";
			};
			name = Debug;
		};
		F4EAC9672D89F8CB0094CB7C /* Release */ = {
			isa = XCBuildConfiguration;
			buildSettings = {
				BUNDLE_LOADER = "$(TEST_HOST)";
				CODE_SIGN_STYLE = Automatic;
				CURRENT_PROJECT_VERSION = 1;
				DEVELOPMENT_TEAM = X4637C63ZD;
				GENERATE_INFOPLIST_FILE = YES;
				IPHONEOS_DEPLOYMENT_TARGET = 18.0;
				MARKETING_VERSION = 1.0;
				PRODUCT_BUNDLE_IDENTIFIER = goncaloAlmeida.ReceiptSnapTests;
				PRODUCT_NAME = "$(TARGET_NAME)";
				SWIFT_EMIT_LOC_STRINGS = NO;
				SWIFT_VERSION = 5.0;
				TARGETED_DEVICE_FAMILY = "1,2";
				TEST_HOST = "$(BUILT_PRODUCTS_DIR)/ReceiptSnap.app/$(BUNDLE_EXECUTABLE_FOLDER_PATH)/ReceiptSnap";
			};
			name = Release;
		};
		F4EAC9692D89F8CB0094CB7C /* Debug */ = {
			isa = XCBuildConfiguration;
			buildSettings = {
				CODE_SIGN_STYLE = Automatic;
				CURRENT_PROJECT_VERSION = 1;
				DEVELOPMENT_TEAM = X4637C63ZD;
				GENERATE_INFOPLIST_FILE = YES;
				MARKETING_VERSION = 1.0;
				PRODUCT_BUNDLE_IDENTIFIER = goncaloAlmeida.ReceiptSnapUITests;
				PRODUCT_NAME = "$(TARGET_NAME)";
				SWIFT_EMIT_LOC_STRINGS = NO;
				SWIFT_VERSION = 5.0;
				TARGETED_DEVICE_FAMILY = "1,2";
				TEST_TARGET_NAME = ReceiptSnap;
			};
			name = Debug;
		};
		F4EAC96A2D89F8CB0094CB7C /* Release */ = {
			isa = XCBuildConfiguration;
			buildSettings = {
				CODE_SIGN_STYLE = Automatic;
				CURRENT_PROJECT_VERSION = 1;
				DEVELOPMENT_TEAM = X4637C63ZD;
				GENERATE_INFOPLIST_FILE = YES;
				MARKETING_VERSION = 1.0;
				PRODUCT_BUNDLE_IDENTIFIER = goncaloAlmeida.ReceiptSnapUITests;
				PRODUCT_NAME = "$(TARGET_NAME)";
				SWIFT_EMIT_LOC_STRINGS = NO;
				SWIFT_VERSION = 5.0;
				TARGETED_DEVICE_FAMILY = "1,2";
				TEST_TARGET_NAME = ReceiptSnap;
			};
			name = Release;
		};
/* End XCBuildConfiguration section */

/* Begin XCConfigurationList section */
		F4EAC9392D89F8C90094CB7C /* Build configuration list for PBXProject "ReceiptSnap" */ = {
			isa = XCConfigurationList;
			buildConfigurations = (
				F4EAC9602D89F8CB0094CB7C /* Debug */,
				F4EAC9612D89F8CB0094CB7C /* Release */,
			);
			defaultConfigurationIsVisible = 0;
			defaultConfigurationName = Release;
		};
		F4EAC9622D89F8CB0094CB7C /* Build configuration list for PBXNativeTarget "ReceiptSnap" */ = {
			isa = XCConfigurationList;
			buildConfigurations = (
				F4EAC9632D89F8CB0094CB7C /* Debug */,
				F4EAC9642D89F8CB0094CB7C /* Release */,
			);
			defaultConfigurationIsVisible = 0;
			defaultConfigurationName = Release;
		};
		F4EAC9652D89F8CB0094CB7C /* Build configuration list for PBXNativeTarget "ReceiptSnapTests" */ = {
			isa = XCConfigurationList;
			buildConfigurations = (
				F4EAC9662D89F8CB0094CB7C /* Debug */,
				F4EAC9672D89F8CB0094CB7C /* Release */,
			);
			defaultConfigurationIsVisible = 0;
			defaultConfigurationName = Release;
		};
		F4EAC9682D89F8CB0094CB7C /* Build configuration list for PBXNativeTarget "ReceiptSnapUITests" */ = {
			isa = XCConfigurationList;
			buildConfigurations = (
				F4EAC9692D89F8CB0094CB7C /* Debug */,
				F4EAC96A2D89F8CB0094CB7C /* Release */,
			);
			defaultConfigurationIsVisible = 0;
			defaultConfigurationName = Release;
		};
/* End XCConfigurationList section */

/* Begin XCRemoteSwiftPackageReference section */
		F47220CE2D8C7552003E96E3 /* XCRemoteSwiftPackageReference "realm-swift" */ = {
			isa = XCRemoteSwiftPackageReference;
			repositoryURL = "https://github.com/realm/realm-swift.git";
			requirement = {
				kind = upToNextMajorVersion;
				minimumVersion = 20.0.1;
			};
		};
/* End XCRemoteSwiftPackageReference section */

/* Begin XCSwiftPackageProductDependency section */
		F47220CF2D8C7552003E96E3 /* RealmSwift */ = {
			isa = XCSwiftPackageProductDependency;
			package = F47220CE2D8C7552003E96E3 /* XCRemoteSwiftPackageReference "realm-swift" */;
			productName = RealmSwift;
		};
		F47220D72D8C75AB003E96E3 /* RealmSwift */ = {
			isa = XCSwiftPackageProductDependency;
			package = F47220CE2D8C7552003E96E3 /* XCRemoteSwiftPackageReference "realm-swift" */;
			productName = RealmSwift;
		};
/* End XCSwiftPackageProductDependency section */
	};
	rootObject = F4EAC9362D89F8C90094CB7C /* Project object */;
}
