// !$*UTF8*$!
{
	archiveVersion = 1;
	classes = {
	};
	objectVersion = 77;
	objects = {

/* Begin PBXBuildFile section */
		F4EAC9782D89F8F80094CB7C /* Preview Assets.xcassets in Resources */ = {isa = PBXBuildFile; fileRef = F4EAC9712D89F8F80094CB7C /* Preview Assets.xcassets */; };
		F4EAC9792D89F8F80094CB7C /* Assets.xcassets in Resources */ = {isa = PBXBuildFile; fileRef = F4EAC9742D89F8F80094CB7C /* Assets.xcassets */; };
		F4EAC97A2D89F8F80094CB7C /* Receipt.swift in Sources */ = {isa = PBXBuildFile; fileRef = F4EAC96F2D89F8F80094CB7C /* Receipt.swift */; };
		F4EAC97B2D89F8F80094CB7C /* ContentView.swift in Sources */ = {isa = PBXBuildFile; fileRef = F4EAC9752D89F8F80094CB7C /* ContentView.swift */; };
		F4EAC97C2D89F8F80094CB7C /* ReceiptSnapApp.swift in Sources */ = {isa = PBXBuildFile; fileRef = F4EAC9762D89F8F80094CB7C /* ReceiptSnapApp.swift */; };
		F4EAC97E2D89F9280094CB7C /* ReceiptRealmObject.swift in Sources */ = {isa = PBXBuildFile; fileRef = F4EAC97D2D89F9280094CB7C /* ReceiptRealmObject.swift */; };
		F4EAC9802D89F93E0094CB7C /* ReceiptRepository.swift in Sources */ = {isa = PBXBuildFile; fileRef = F4EAC97F2D89F93E0094CB7C /* ReceiptRepository.swift */; };
		F4EAC9832D89F9C30094CB7C /* Realm in Frameworks */ = {isa = PBXBuildFile; productRef = F4EAC9822D89F9C30094CB7C /* Realm */; };
		F4EAC9852D89F9C30094CB7C /* RealmSwift in Frameworks */ = {isa = PBXBuildFile; productRef = F4EAC9842D89F9C30094CB7C /* RealmSwift */; };
/* End PBXBuildFile section */

/* Begin PBXContainerItemProxy section */
		F4EAC94F2D89F8CB0094CB7C /* PBXContainerItemProxy */ = {
			isa = PBXContainerItemProxy;
			containerPortal = F4EAC9362D89F8C90094CB7C /* Project object */;
			proxyType = 1;
			remoteGlobalIDString = F4EAC93D2D89F8C90094CB7C;
			remoteInfo = ReceiptSnap;
		};
		F4EAC9592D89F8CB0094CB7C /* PBXContainerItemProxy */ = {
			isa = PBXContainerItemProxy;
			containerPortal = F4EAC9362D89F8C90094CB7C /* Project object */;
			proxyType = 1;
			remoteGlobalIDString = F4EAC93D2D89F8C90094CB7C;
			remoteInfo = ReceiptSnap;
		};
/* End PBXContainerItemProxy section */

/* Begin PBXFileReference section */
		F4EAC93E2D89F8C90094CB7C /* ReceiptSnap.app */ = {isa = PBXFileReference; explicitFileType = wrapper.application; includeInIndex = 0; path = ReceiptSnap.app; sourceTree = BUILT_PRODUCTS_DIR; };
		F4EAC94E2D89F8CB0094CB7C /* ReceiptSnapTests.xctest */ = {isa = PBXFileReference; explicitFileType = wrapper.cfbundle; includeInIndex = 0; path = ReceiptSnapTests.xctest; sourceTree = BUILT_PRODUCTS_DIR; };
		F4EAC9582D89F8CB0094CB7C /* ReceiptSnapUITests.xctest */ = {isa = PBXFileReference; explicitFileType = wrapper.cfbundle; includeInIndex = 0; path = ReceiptSnapUITests.xctest; sourceTree = BUILT_PRODUCTS_DIR; };
		F4EAC96F2D89F8F80094CB7C /* Receipt.swift */ = {isa = PBXFileReference; lastKnownFileType = sourcecode.swift; path = Receipt.swift; sourceTree = "<group>"; };
		F4EAC9712D89F8F80094CB7C /* Preview Assets.xcassets */ = {isa = PBXFileReference; lastKnownFileType = folder.assetcatalog; path = "Preview Assets.xcassets"; sourceTree = "<group>"; };
		F4EAC9742D89F8F80094CB7C /* Assets.xcassets */ = {isa = PBXFileReference; lastKnownFileType = folder.assetcatalog; path = Assets.xcassets; sourceTree = "<group>"; };
		F4EAC9752D89F8F80094CB7C /* ContentView.swift */ = {isa = PBXFileReference; lastKnownFileType = sourcecode.swift; path = ContentView.swift; sourceTree = "<group>"; };
		F4EAC9762D89F8F80094CB7C /* ReceiptSnapApp.swift */ = {isa = PBXFileReference; lastKnownFileType = sourcecode.swift; path = ReceiptSnapApp.swift; sourceTree = "<group>"; };
		F4EAC97D2D89F9280094CB7C /* ReceiptRealmObject.swift */ = {isa = PBXFileReference; lastKnownFileType = sourcecode.swift; path = ReceiptRealmObject.swift; sourceTree = "<group>"; };
		F4EAC97F2D89F93E0094CB7C /* ReceiptRepository.swift */ = {isa = PBXFileReference; lastKnownFileType = sourcecode.swift; path = ReceiptRepository.swift; sourceTree = "<group>"; };
/* End PBXFileReference section */

/* Begin PBXFileSystemSynchronizedRootGroup section */
		F4EAC9512D89F8CB0094CB7C /* ReceiptSnapTests */ = {
			isa = PBXFileSystemSynchronizedRootGroup;
			path = ReceiptSnapTests;
			sourceTree = "<group>";
		};
		F4EAC95B2D89F8CB0094CB7C /* ReceiptSnapUITests */ = {
			isa = PBXFileSystemSynchronizedRootGroup;
			path = ReceiptSnapUITests;
			sourceTree = "<group>";
		};
/* End PBXFileSystemSynchronizedRootGroup section */

/* Begin PBXFrameworksBuildPhase section */
		F4EAC93B2D89F8C90094CB7C /* Frameworks */ = {
			isa = PBXFrameworksBuildPhase;
			buildActionMask = 2147483647;
			files = (
				F4EAC9852D89F9C30094CB7C /* RealmSwift in Frameworks */,
				F4EAC9832D89F9C30094CB7C /* Realm in Frameworks */,
			);
			runOnlyForDeploymentPostprocessing = 0;
		};
		F4EAC94B2D89F8CB0094CB7C /* Frameworks */ = {
			isa = PBXFrameworksBuildPhase;
			buildActionMask = 2147483647;
			files = (
			);
			runOnlyForDeploymentPostprocessing = 0;
		};
		F4EAC9552D89F8CB0094CB7C /* Frameworks */ = {
			isa = PBXFrameworksBuildPhase;
			buildActionMask = 2147483647;
			files = (
			);
			runOnlyForDeploymentPostprocessing = 0;
		};
/* End PBXFrameworksBuildPhase section */

/* Begin PBXGroup section */
		F4EAC9352D89F8C90094CB7C = {
			isa = PBXGroup;
			children = (
				F4EAC9772D89F8F80094CB7C /* ReceiptSnap */,
				F4EAC9512D89F8CB0094CB7C /* ReceiptSnapTests */,
				F4EAC95B2D89F8CB0094CB7C /* ReceiptSnapUITests */,
				F4EAC93F2D89F8C90094CB7C /* Products */,
			);
			sourceTree = "<group>";
		};
		F4EAC93F2D89F8C90094CB7C /* Products */ = {
			isa = PBXGroup;
			children = (
				F4EAC93E2D89F8C90094CB7C /* ReceiptSnap.app */,
				F4EAC94E2D89F8CB0094CB7C /* ReceiptSnapTests.xctest */,
				F4EAC9582D89F8CB0094CB7C /* ReceiptSnapUITests.xctest */,
			);
			name = Products;
			sourceTree = "<group>";
		};
		F4EAC9702D89F8F80094CB7C /* Models */ = {
			isa = PBXGroup;
			children = (
				F4EAC96F2D89F8F80094CB7C /* Receipt.swift */,
			);
			path = Models;
			sourceTree = "<group>";
		};
		F4EAC9722D89F8F80094CB7C /* Preview Content */ = {
			isa = PBXGroup;
			children = (
				F4EAC9712D89F8F80094CB7C /* Preview Assets.xcassets */,
			);
			path = "Preview Content";
			sourceTree = "<group>";
		};
		F4EAC9732D89F8F80094CB7C /* Realm */ = {
			isa = PBXGroup;
			children = (
				F4EAC97D2D89F9280094CB7C /* ReceiptRealmObject.swift */,
				F4EAC97F2D89F93E0094CB7C /* ReceiptRepository.swift */,
			);
			path = Realm;
			sourceTree = "<group>";
		};
		F4EAC9772D89F8F80094CB7C /* ReceiptSnap */ = {
			isa = PBXGroup;
			children = (
				F4EAC9762D89F8F80094CB7C /* ReceiptSnapApp.swift */,
				F4EAC9702D89F8F80094CB7C /* Models */,
				F4EAC9732D89F8F80094CB7C /* Realm */,
				F4EAC9752D89F8F80094CB7C /* ContentView.swift */,
				F4EAC9742D89F8F80094CB7C /* Assets.xcassets */,
				F4EAC9722D89F8F80094CB7C /* Preview Content */,
			);
			path = ReceiptSnap;
			sourceTree = "<group>";
		};
/* End PBXGroup section */

/* Begin PBXNativeTarget section */
		F4EAC93D2D89F8C90094CB7C /* ReceiptSnap */ = {
			isa = PBXNativeTarget;
			buildConfigurationList = F4EAC9622D89F8CB0094CB7C /* Build configuration list for PBXNativeTarget "ReceiptSnap" */;
			buildPhases = (
				F4EAC93A2D89F8C90094CB7C /* Sources */,
				F4EAC93B2D89F8C90094CB7C /* Frameworks */,
				F4EAC93C2D89F8C90094CB7C /* Resources */,
			);
			buildRules = (
			);
			dependencies = (
			);
			name = ReceiptSnap;
			packageProductDependencies = (
				F4EAC9822D89F9C30094CB7C /* Realm */,
				F4EAC9842D89F9C30094CB7C /* RealmSwift */,
			);
			productName = ReceiptSnap;
			productReference = F4EAC93E2D89F8C90094CB7C /* ReceiptSnap.app */;
			productType = "com.apple.product-type.application";
		};
		F4EAC94D2D89F8CB0094CB7C /* ReceiptSnapTests */ = {
			isa = PBXNativeTarget;
			buildConfigurationList = F4EAC9652D89F8CB0094CB7C /* Build configuration list for PBXNativeTarget "ReceiptSnapTests" */;
			buildPhases = (
				F4EAC94A2D89F8CB0094CB7C /* Sources */,
				F4EAC94B2D89F8CB0094CB7C /* Frameworks */,
				F4EAC94C2D89F8CB0094CB7C /* Resources */,
			);
			buildRules = (
			);
			dependencies = (
				F4EAC9502D89F8CB0094CB7C /* PBXTargetDependency */,
			);
			fileSystemSynchronizedGroups = (
				F4EAC9512D89F8CB0094CB7C /* ReceiptSnapTests */,
			);
			name = ReceiptSnapTests;
			packageProductDependencies = (
			);
			productName = ReceiptSnapTests;
			productReference = F4EAC94E2D89F8CB0094CB7C /* ReceiptSnapTests.xctest */;
			productType = "com.apple.product-type.bundle.unit-test";
		};
		F4EAC9572D89F8CB0094CB7C /* ReceiptSnapUITests */ = {
			isa = PBXNativeTarget;
			buildConfigurationList = F4EAC9682D89F8CB0094CB7C /* Build configuration list for PBXNativeTarget "ReceiptSnapUITests" */;
			buildPhases = (
				F4EAC9542D89F8CB0094CB7C /* Sources */,
				F4EAC9552D89F8CB0094CB7C /* Frameworks */,
				F4EAC9562D89F8CB0094CB7C /* Resources */,
			);
			buildRules = (
			);
			dependencies = (
				F4EAC95A2D89F8CB0094CB7C /* PBXTargetDependency */,
			);
			fileSystemSynchronizedGroups = (
				F4EAC95B2D89F8CB0094CB7C /* ReceiptSnapUITests */,
			);
			name = ReceiptSnapUITests;
			packageProductDependencies = (
			);
			productName = ReceiptSnapUITests;
			productReference = F4EAC9582D89F8CB0094CB7C /* ReceiptSnapUITests.xctest */;
			productType = "com.apple.product-type.bundle.ui-testing";
		};
/* End PBXNativeTarget section */

/* Begin PBXProject section */
		F4EAC9362D89F8C90094CB7C /* Project object */ = {
			isa = PBXProject;
			attributes = {
				BuildIndependentTargetsInParallel = 1;
				LastSwiftUpdateCheck = 1600;
				LastUpgradeCheck = 1600;
				TargetAttributes = {
					F4EAC93D2D89F8C90094CB7C = {
						CreatedOnToolsVersion = 16.0;
					};
					F4EAC94D2D89F8CB0094CB7C = {
						CreatedOnToolsVersion = 16.0;
						TestTargetID = F4EAC93D2D89F8C90094CB7C;
					};
					F4EAC9572D89F8CB0094CB7C = {
						CreatedOnToolsVersion = 16.0;
						TestTargetID = F4EAC93D2D89F8C90094CB7C;
					};
				};
			};
			buildConfigurationList = F4EAC9392D89F8C90094CB7C /* Build configuration list for PBXProject "ReceiptSnap" */;
			developmentRegion = en;
			hasScannedForEncodings = 0;
			knownRegions = (
				en,
				Base,
			);
			mainGroup = F4EAC9352D89F8C90094CB7C;
			minimizedProjectReferenceProxies = 1;
			packageReferences = (
				F4EAC9812D89F9C30094CB7C /* XCRemoteSwiftPackageReference "realm-swift" */,
			);
			preferredProjectObjectVersion = 77;
			productRefGroup = F4EAC93F2D89F8C90094CB7C /* Products */;
			projectDirPath = "";
			projectRoot = "";
			targets = (
				F4EAC93D2D89F8C90094CB7C /* ReceiptSnap */,
				F4EAC94D2D89F8CB0094CB7C /* ReceiptSnapTests */,
				F4EAC9572D89F8CB0094CB7C /* ReceiptSnapUITests */,
			);
		};
/* End PBXProject section */

/* Begin PBXResourcesBuildPhase section */
		F4EAC93C2D89F8C90094CB7C /* Resources */ = {
			isa = PBXResourcesBuildPhase;
			buildActionMask = 2147483647;
			files = (
				F4EAC9782D89F8F80094CB7C /* Preview Assets.xcassets in Resources */,
				F4EAC9792D89F8F80094CB7C /* Assets.xcassets in Resources */,
			);
			runOnlyForDeploymentPostprocessing = 0;
		};
		F4EAC94C2D89F8CB0094CB7C /* Resources */ = {
			isa = PBXResourcesBuildPhase;
			buildActionMask = 2147483647;
			files = (
			);
			runOnlyForDeploymentPostprocessing = 0;
		};
		F4EAC9562D89F8CB0094CB7C /* Resources */ = {
			isa = PBXResourcesBuildPhase;
			buildActionMask = 2147483647;
			files = (
			);
			runOnlyForDeploymentPostprocessing = 0;
		};
/* End PBXResourcesBuildPhase section */

/* Begin PBXSourcesBuildPhase section */
		F4EAC93A2D89F8C90094CB7C /* Sources */ = {
			isa = PBXSourcesBuildPhase;
			buildActionMask = 2147483647;
			files = (
				F4EAC97A2D89F8F80094CB7C /* Receipt.swift in Sources */,
				F4EAC97B2D89F8F80094CB7C /* ContentView.swift in Sources */,
				F4EAC9802D89F93E0094CB7C /* ReceiptRepository.swift in Sources */,
				F4EAC97C2D89F8F80094CB7C /* ReceiptSnapApp.swift in Sources */,
				F4EAC97E2D89F9280094CB7C /* ReceiptRealmObject.swift in Sources */,
			);
			runOnlyForDeploymentPostprocessing = 0;
		};
		F4EAC94A2D89F8CB0094CB7C /* Sources */ = {
			isa = PBXSourcesBuildPhase;
			buildActionMask = 2147483647;
			files = (
			);
			runOnlyForDeploymentPostprocessing = 0;
		};
		F4EAC9542D89F8CB0094CB7C /* Sources */ = {
			isa = PBXSourcesBuildPhase;
			buildActionMask = 2147483647;
			files = (
			);
			runOnlyForDeploymentPostprocessing = 0;
		};
/* End PBXSourcesBuildPhase section */

/* Begin PBXTargetDependency section */
		F4EAC9502D89F8CB0094CB7C /* PBXTargetDependency */ = {
			isa = PBXTargetDependency;
			target = F4EAC93D2D89F8C90094CB7C /* ReceiptSnap */;
			targetProxy = F4EAC94F2D89F8CB0094CB7C /* PBXContainerItemProxy */;
		};
		F4EAC95A2D89F8CB0094CB7C /* PBXTargetDependency */ = {
			isa = PBXTargetDependency;
			target = F4EAC93D2D89F8C90094CB7C /* ReceiptSnap */;
			targetProxy = F4EAC9592D89F8CB0094CB7C /* PBXContainerItemProxy */;
		};
/* End PBXTargetDependency section */

/* Begin XCBuildConfiguration section */
		F4EAC9602D89F8CB0094CB7C /* Debug */ = {
			isa = XCBuildConfiguration;
			buildSettings = {
				ALWAYS_SEARCH_USER_PATHS = NO;
				ASSETCATALOG_COMPILER_GENERATE_SWIFT_ASSET_SYMBOL_EXTENSIONS = YES;
				CLANG_ANALYZER_NONNULL = YES;
				CLANG_ANALYZER_NUMBER_OBJECT_CONVERSION = YES_AGGRESSIVE;
				CLANG_CXX_LANGUAGE_STANDARD = "gnu++20";
				CLANG_ENABLE_MODULES = YES;
				CLANG_ENABLE_OBJC_ARC = YES;
				CLANG_ENABLE_OBJC_WEAK = YES;
				CLANG_WARN_BLOCK_CAPTURE_AUTORELEASING = YES;
				CLANG_WARN_BOOL_CONVERSION = YES;
				CLANG_WARN_COMMA = YES;
				CLANG_WARN_CONSTANT_CONVERSION = YES;
				CLANG_WARN_DEPRECATED_OBJC_IMPLEMENTATIONS = YES;
				CLANG_WARN_DIRECT_OBJC_ISA_USAGE = YES_ERROR;
				CLANG_WARN_DOCUMENTATION_COMMENTS = YES;
				CLANG_WARN_EMPTY_BODY = YES;
				CLANG_WARN_ENUM_CONVERSION = YES;
				CLANG_WARN_INFINITE_RECURSION = YES;
				CLANG_WARN_INT_CONVERSION = YES;
				CLANG_WARN_NON_LITERAL_NULL_CONVERSION = YES;
				CLANG_WARN_OBJC_IMPLICIT_RETAIN_SELF = YES;
				CLANG_WARN_OBJC_LITERAL_CONVERSION = YES;
				CLANG_WARN_OBJC_ROOT_CLASS = YES_ERROR;
				CLANG_WARN_QUOTED_INCLUDE_IN_FRAMEWORK_HEADER = YES;
				CLANG_WARN_RANGE_LOOP_ANALYSIS = YES;
				CLANG_WARN_STRICT_PROTOTYPES = YES;
				CLANG_WARN_SUSPICIOUS_MOVE = YES;
				CLANG_WARN_UNGUARDED_AVAILABILITY = YES_AGGRESSIVE;
				CLANG_WARN_UNREACHABLE_CODE = YES;
				CLANG_WARN__DUPLICATE_METHOD_MATCH = YES;
				COPY_PHASE_STRIP = NO;
				DEBUG_INFORMATION_FORMAT = dwarf;
				ENABLE_STRICT_OBJC_MSGSEND = YES;
				ENABLE_TESTABILITY = YES;
				ENABLE_USER_SCRIPT_SANDBOXING = YES;
				GCC_C_LANGUAGE_STANDARD = gnu17;
				GCC_DYNAMIC_NO_PIC = NO;
				GCC_NO_COMMON_BLOCKS = YES;
				GCC_OPTIMIZATION_LEVEL = 0;
				GCC_PREPROCESSOR_DEFINITIONS = (
					"DEBUG=1",
					"$(inherited)",
				);
				GCC_WARN_64_TO_32_BIT_CONVERSION = YES;
				GCC_WARN_ABOUT_RETURN_TYPE = YES_ERROR;
				GCC_WARN_UNDECLARED_SELECTOR = YES;
				GCC_WARN_UNINITIALIZED_AUTOS = YES_AGGRESSIVE;
				GCC_WARN_UNUSED_FUNCTION = YES;
				GCC_WARN_UNUSED_VARIABLE = YES;
				IPHONEOS_DEPLOYMENT_TARGET = 18.0;
				LOCALIZATION_PREFERS_STRING_CATALOGS = YES;
				MTL_ENABLE_DEBUG_INFO = INCLUDE_SOURCE;
				MTL_FAST_MATH = YES;
				ONLY_ACTIVE_ARCH = YES;
				SDKROOT = iphoneos;
				SWIFT_ACTIVE_COMPILATION_CONDITIONS = "DEBUG $(inherited)";
				SWIFT_OPTIMIZATION_LEVEL = "-Onone";
			};
			name = Debug;
		};
		F4EAC9612D89F8CB0094CB7C /* Release */ = {
			isa = XCBuildConfiguration;
			buildSettings = {
				ALWAYS_SEARCH_USER_PATHS = NO;
				ASSETCATALOG_COMPILER_GENERATE_SWIFT_ASSET_SYMBOL_EXTENSIONS = YES;
				CLANG_ANALYZER_NONNULL = YES;
				CLANG_ANALYZER_NUMBER_OBJECT_CONVERSION = YES_AGGRESSIVE;
				CLANG_CXX_LANGUAGE_STANDARD = "gnu++20";
				CLANG_ENABLE_MODULES = YES;
				CLANG_ENABLE_OBJC_ARC = YES;
				CLANG_ENABLE_OBJC_WEAK = YES;
				CLANG_WARN_BLOCK_CAPTURE_AUTORELEASING = YES;
				CLANG_WARN_BOOL_CONVERSION = YES;
				CLANG_WARN_COMMA = YES;
				CLANG_WARN_CONSTANT_CONVERSION = YES;
				CLANG_WARN_DEPRECATED_OBJC_IMPLEMENTATIONS = YES;
				CLANG_WARN_DIRECT_OBJC_ISA_USAGE = YES_ERROR;
				CLANG_WARN_DOCUMENTATION_COMMENTS = YES;
				CLANG_WARN_EMPTY_BODY = YES;
				CLANG_WARN_ENUM_CONVERSION = YES;
				CLANG_WARN_INFINITE_RECURSION = YES;
				CLANG_WARN_INT_CONVERSION = YES;
				CLANG_WARN_NON_LITERAL_NULL_CONVERSION = YES;
				CLANG_WARN_OBJC_IMPLICIT_RETAIN_SELF = YES;
				CLANG_WARN_OBJC_LITERAL_CONVERSION = YES;
				CLANG_WARN_OBJC_ROOT_CLASS = YES_ERROR;
				CLANG_WARN_QUOTED_INCLUDE_IN_FRAMEWORK_HEADER = YES;
				CLANG_WARN_RANGE_LOOP_ANALYSIS = YES;
				CLANG_WARN_STRICT_PROTOTYPES = YES;
				CLANG_WARN_SUSPICIOUS_MOVE = YES;
				CLANG_WARN_UNGUARDED_AVAILABILITY = YES_AGGRESSIVE;
				CLANG_WARN_UNREACHABLE_CODE = YES;
				CLANG_WARN__DUPLICATE_METHOD_MATCH = YES;
				COPY_PHASE_STRIP = NO;
				DEBUG_INFORMATION_FORMAT = "dwarf-with-dsym";
				ENABLE_NS_ASSERTIONS = NO;
				ENABLE_STRICT_OBJC_MSGSEND = YES;
				ENABLE_USER_SCRIPT_SANDBOXING = YES;
				GCC_C_LANGUAGE_STANDARD = gnu17;
				GCC_NO_COMMON_BLOCKS = YES;
				GCC_WARN_64_TO_32_BIT_CONVERSION = YES;
				GCC_WARN_ABOUT_RETURN_TYPE = YES_ERROR;
				GCC_WARN_UNDECLARED_SELECTOR = YES;
				GCC_WARN_UNINITIALIZED_AUTOS = YES_AGGRESSIVE;
				GCC_WARN_UNUSED_FUNCTION = YES;
				GCC_WARN_UNUSED_VARIABLE = YES;
				IPHONEOS_DEPLOYMENT_TARGET = 18.0;
				LOCALIZATION_PREFERS_STRING_CATALOGS = YES;
				MTL_ENABLE_DEBUG_INFO = NO;
				MTL_FAST_MATH = YES;
				SDKROOT = iphoneos;
				SWIFT_COMPILATION_MODE = wholemodule;
				VALIDATE_PRODUCT = YES;
			};
			name = Release;
		};
		F4EAC9632D89F8CB0094CB7C /* Debug */ = {
			isa = XCBuildConfiguration;
			buildSettings = {
				ASSETCATALOG_COMPILER_APPICON_NAME = AppIcon;
				ASSETCATALOG_COMPILER_GLOBAL_ACCENT_COLOR_NAME = AccentColor;
				CODE_SIGN_STYLE = Automatic;
				CURRENT_PROJECT_VERSION = 1;
				DEVELOPMENT_ASSET_PATHS = "\"ReceiptSnap/Preview Content\"";
				DEVELOPMENT_TEAM = X4637C63ZD;
				ENABLE_PREVIEWS = YES;
				GENERATE_INFOPLIST_FILE = YES;
				INFOPLIST_KEY_UIApplicationSceneManifest_Generation = YES;
				INFOPLIST_KEY_UIApplicationSupportsIndirectInputEvents = YES;
				INFOPLIST_KEY_UILaunchScreen_Generation = YES;
				INFOPLIST_KEY_UISupportedInterfaceOrientations_iPad = "UIInterfaceOrientationPortrait UIInterfaceOrientationPortraitUpsideDown UIInterfaceOrientationLandscapeLeft UIInterfaceOrientationLandscapeRight";
				INFOPLIST_KEY_UISupportedInterfaceOrientations_iPhone = "UIInterfaceOrientationPortrait UIInterfaceOrientationLandscapeLeft UIInterfaceOrientationLandscapeRight";
				LD_RUNPATH_SEARCH_PATHS = (
					"$(inherited)",
					"@executable_path/Frameworks",
				);
				MARKETING_VERSION = 1.0;
				PRODUCT_BUNDLE_IDENTIFIER = goncaloAlmeida.ReceiptSnap;
				PRODUCT_NAME = "$(TARGET_NAME)";
				SWIFT_EMIT_LOC_STRINGS = YES;
				SWIFT_VERSION = 5.0;
				TARGETED_DEVICE_FAMILY = "1,2";
			};
			name = Debug;
		};
		F4EAC9642D89F8CB0094CB7C /* Release */ = {
			isa = XCBuildConfiguration;
			buildSettings = {
				ASSETCATALOG_COMPILER_APPICON_NAME = AppIcon;
				ASSETCATALOG_COMPILER_GLOBAL_ACCENT_COLOR_NAME = AccentColor;
				CODE_SIGN_STYLE = Automatic;
				CURRENT_PROJECT_VERSION = 1;
				DEVELOPMENT_ASSET_PATHS = "\"ReceiptSnap/Preview Content\"";
				DEVELOPMENT_TEAM = X4637C63ZD;
				ENABLE_PREVIEWS = YES;
				GENERATE_INFOPLIST_FILE = YES;
				INFOPLIST_KEY_UIApplicationSceneManifest_Generation = YES;
				INFOPLIST_KEY_UIApplicationSupportsIndirectInputEvents = YES;
				INFOPLIST_KEY_UILaunchScreen_Generation = YES;
				INFOPLIST_KEY_UISupportedInterfaceOrientations_iPad = "UIInterfaceOrientationPortrait UIInterfaceOrientationPortraitUpsideDown UIInterfaceOrientationLandscapeLeft UIInterfaceOrientationLandscapeRight";
				INFOPLIST_KEY_UISupportedInterfaceOrientations_iPhone = "UIInterfaceOrientationPortrait UIInterfaceOrientationLandscapeLeft UIInterfaceOrientationLandscapeRight";
				LD_RUNPATH_SEARCH_PATHS = (
					"$(inherited)",
					"@executable_path/Frameworks",
				);
				MARKETING_VERSION = 1.0;
				PRODUCT_BUNDLE_IDENTIFIER = goncaloAlmeida.ReceiptSnap;
				PRODUCT_NAME = "$(TARGET_NAME)";
				SWIFT_EMIT_LOC_STRINGS = YES;
				SWIFT_VERSION = 5.0;
				TARGETED_DEVICE_FAMILY = "1,2";
			};
			name = Release;
		};
		F4EAC9662D89F8CB0094CB7C /* Debug */ = {
			isa = XCBuildConfiguration;
			buildSettings = {
				BUNDLE_LOADER = "$(TEST_HOST)";
				CODE_SIGN_STYLE = Automatic;
				CURRENT_PROJECT_VERSION = 1;
				DEVELOPMENT_TEAM = X4637C63ZD;
				GENERATE_INFOPLIST_FILE = YES;
				IPHONEOS_DEPLOYMENT_TARGET = 18.0;
				MARKETING_VERSION = 1.0;
				PRODUCT_BUNDLE_IDENTIFIER = goncaloAlmeida.ReceiptSnapTests;
				PRODUCT_NAME = "$(TARGET_NAME)";
				SWIFT_EMIT_LOC_STRINGS = NO;
				SWIFT_VERSION = 5.0;
				TARGETED_DEVICE_FAMILY = "1,2";
				TEST_HOST = "$(BUILT_PRODUCTS_DIR)/ReceiptSnap.app/$(BUNDLE_EXECUTABLE_FOLDER_PATH)/ReceiptSnap";
			};
			name = Debug;
		};
		F4EAC9672D89F8CB0094CB7C /* Release */ = {
			isa = XCBuildConfiguration;
			buildSettings = {
				BUNDLE_LOADER = "$(TEST_HOST)";
				CODE_SIGN_STYLE = Automatic;
				CURRENT_PROJECT_VERSION = 1;
				DEVELOPMENT_TEAM = X4637C63ZD;
				GENERATE_INFOPLIST_FILE = YES;
				IPHONEOS_DEPLOYMENT_TARGET = 18.0;
				MARKETING_VERSION = 1.0;
				PRODUCT_BUNDLE_IDENTIFIER = goncaloAlmeida.ReceiptSnapTests;
				PRODUCT_NAME = "$(TARGET_NAME)";
				SWIFT_EMIT_LOC_STRINGS = NO;
				SWIFT_VERSION = 5.0;
				TARGETED_DEVICE_FAMILY = "1,2";
				TEST_HOST = "$(BUILT_PRODUCTS_DIR)/ReceiptSnap.app/$(BUNDLE_EXECUTABLE_FOLDER_PATH)/ReceiptSnap";
			};
			name = Release;
		};
		F4EAC9692D89F8CB0094CB7C /* Debug */ = {
			isa = XCBuildConfiguration;
			buildSettings = {
				CODE_SIGN_STYLE = Automatic;
				CURRENT_PROJECT_VERSION = 1;
				DEVELOPMENT_TEAM = X4637C63ZD;
				GENERATE_INFOPLIST_FILE = YES;
				MARKETING_VERSION = 1.0;
				PRODUCT_BUNDLE_IDENTIFIER = goncaloAlmeida.ReceiptSnapUITests;
				PRODUCT_NAME = "$(TARGET_NAME)";
				SWIFT_EMIT_LOC_STRINGS = NO;
				SWIFT_VERSION = 5.0;
				TARGETED_DEVICE_FAMILY = "1,2";
				TEST_TARGET_NAME = ReceiptSnap;
			};
			name = Debug;
		};
		F4EAC96A2D89F8CB0094CB7C /* Release */ = {
			isa = XCBuildConfiguration;
			buildSettings = {
				CODE_SIGN_STYLE = Automatic;
				CURRENT_PROJECT_VERSION = 1;
				DEVELOPMENT_TEAM = X4637C63ZD;
				GENERATE_INFOPLIST_FILE = YES;
				MARKETING_VERSION = 1.0;
				PRODUCT_BUNDLE_IDENTIFIER = goncaloAlmeida.ReceiptSnapUITests;
				PRODUCT_NAME = "$(TARGET_NAME)";
				SWIFT_EMIT_LOC_STRINGS = NO;
				SWIFT_VERSION = 5.0;
				TARGETED_DEVICE_FAMILY = "1,2";
				TEST_TARGET_NAME = ReceiptSnap;
			};
			name = Release;
		};
/* End XCBuildConfiguration section */

/* Begin XCConfigurationList section */
		F4EAC9392D89F8C90094CB7C /* Build configuration list for PBXProject "ReceiptSnap" */ = {
			isa = XCConfigurationList;
			buildConfigurations = (
				F4EAC9602D89F8CB0094CB7C /* Debug */,
				F4EAC9612D89F8CB0094CB7C /* Release */,
			);
			defaultConfigurationIsVisible = 0;
			defaultConfigurationName = Release;
		};
		F4EAC9622D89F8CB0094CB7C /* Build configuration list for PBXNativeTarget "ReceiptSnap" */ = {
			isa = XCConfigurationList;
			buildConfigurations = (
				F4EAC9632D89F8CB0094CB7C /* Debug */,
				F4EAC9642D89F8CB0094CB7C /* Release */,
			);
			defaultConfigurationIsVisible = 0;
			defaultConfigurationName = Release;
		};
		F4EAC9652D89F8CB0094CB7C /* Build configuration list for PBXNativeTarget "ReceiptSnapTests" */ = {
			isa = XCConfigurationList;
			buildConfigurations = (
				F4EAC9662D89F8CB0094CB7C /* Debug */,
				F4EAC9672D89F8CB0094CB7C /* Release */,
			);
			defaultConfigurationIsVisible = 0;
			defaultConfigurationName = Release;
		};
		F4EAC9682D89F8CB0094CB7C /* Build configuration list for PBXNativeTarget "ReceiptSnapUITests" */ = {
			isa = XCConfigurationList;
			buildConfigurations = (
				F4EAC9692D89F8CB0094CB7C /* Debug */,
				F4EAC96A2D89F8CB0094CB7C /* Release */,
			);
			defaultConfigurationIsVisible = 0;
			defaultConfigurationName = Release;
		};
/* End XCConfigurationList section */

/* Begin XCRemoteSwiftPackageReference section */
		F4EAC9812D89F9C30094CB7C /* XCRemoteSwiftPackageReference "realm-swift" */ = {
			isa = XCRemoteSwiftPackageReference;
			repositoryURL = "https://github.com/realm/realm-swift.git";
			requirement = {
				kind = upToNextMajorVersion;
				minimumVersion = 20.0.1;
			};
		};
/* End XCRemoteSwiftPackageReference section */

/* Begin XCSwiftPackageProductDependency section */
		F4EAC9822D89F9C30094CB7C /* Realm */ = {
			isa = XCSwiftPackageProductDependency;
			package = F4EAC9812D89F9C30094CB7C /* XCRemoteSwiftPackageReference "realm-swift" */;
			productName = Realm;
		};
		F4EAC9842D89F9C30094CB7C /* RealmSwift */ = {
			isa = XCSwiftPackageProductDependency;
			package = F4EAC9812D89F9C30094CB7C /* XCRemoteSwiftPackageReference "realm-swift" */;
			productName = RealmSwift;
		};
/* End XCSwiftPackageProductDependency section */
	};
	rootObject = F4EAC9362D89F8C90094CB7C /* Project object */;
}
